# This file was autogenerated by Stack.
# You should not edit this file by hand.
# For more information, please see the documentation at:
#   https://docs.haskellstack.org/en/stable/lock_files

packages:
- completed:
    hackage: string-random-0.1.0.0@sha256:421a99e3330a23ae664a706be4712c5ca0ff188bbd5d95e8a4a1fbf143365b98,2238
    pantry-tree:
      size: 434
      sha256: 4092aa6c08612cf9c07a1f1eea0ae3e42b28bac9e621bf491c781859a70bffcd
  original:
    hackage: string-random-0.1.0.0
- completed:
    hackage: text-time-0.2.0@sha256:ae94071e29a5265f60de19c054a5308cee54a849678fbb8ea8d9657510c87b4c,1757
    pantry-tree:
      size: 637
      sha256: 086572dbcc5663ab43f658634dcb3b08cc595690fba0a92387eeb7aa72651d6f
  original:
    hackage: text-time-0.2.0
snapshots:
- completed:
    size: 531707
    url: https://raw.githubusercontent.com/commercialhaskell/stackage-snapshots/master/lts/16/5.yaml
    sha256: 9751e25e0af5713a53ddcfcc79564b082c71b1b357fadef0d85672a5b5ba3703
  original: lts-16.5
